
Microsoft Visual Studio Solution File, Format Version 12.00
# Visual Studio Version 17
VisualStudioVersion = 17.7.34302.85
MinimumVisualStudioVersion = 10.0.40219.1
Project("{FAE04EC0-301F-11D3-BF4B-00C04F79EFBC}") = "HotelsAPI", "HotelsAPI\HotelsAPI.csproj", "{DD3BB4C2-B697-46D7-808C-1D4CE4BF62F2}"
EndProject
Global
	GlobalSection(SolutionConfigurationPlatforms) = preSolution
		Debug|Any CPU = Debug|Any CPU
		Release|Any CPU = Release|Any CPU
	EndGlobalSection
	GlobalSection(ProjectConfigurationPlatforms) = postSolution
		{DD3BB4C2-B697-46D7-808C-1D4CE4BF62F2}.Debug|Any CPU.ActiveCfg = Debug|Any CPU
		{DD3BB4C2-B697-46D7-808C-1D4CE4BF62F2}.Debug|Any CPU.Build.0 = Debug|Any CPU
		{DD3BB4C2-B697-46D7-808C-1D4CE4BF62F2}.Release|Any CPU.ActiveCfg = Release|Any CPU
		{DD3BB4C2-B697-46D7-808C-1D4CE4BF62F2}.Release|Any CPU.Build.0 = Release|Any CPU
	EndGlobalSection
	GlobalSection(SolutionProperties) = preSolution
		HideSolutionNode = FALSE
	EndGlobalSection
	GlobalSection(ExtensibilityGlobals) = postSolution
		SolutionGuid = {D266BC58-D31B-4305-942E-281F1BB6974F}
	EndGlobalSection
EndGlobal
